// !$*UTF8*$!
{
	archiveVersion = 1;
	classes = {
	};
	objectVersion = 50;
	objects = {

/* Begin PBXBuildFile section */
		53C2582820D1C7D1000A28B2 /* AppDelegate.m in Sources */ = {isa = PBXBuildFile; fileRef = 53C2582720D1C7D1000A28B2 /* AppDelegate.m */; };
		53C2582B20D1C7D1000A28B2 /* ViewController.m in Sources */ = {isa = PBXBuildFile; fileRef = 53C2582A20D1C7D1000A28B2 /* ViewController.m */; };
		53C2582D20D1C7D3000A28B2 /* Assets.xcassets in Resources */ = {isa = PBXBuildFile; fileRef = 53C2582C20D1C7D3000A28B2 /* Assets.xcassets */; };
		53C2583020D1C7D3000A28B2 /* Main.storyboard in Resources */ = {isa = PBXBuildFile; fileRef = 53C2582E20D1C7D3000A28B2 /* Main.storyboard */; };
		53C2583320D1C7D3000A28B2 /* main.m in Sources */ = {isa = PBXBuildFile; fileRef = 53C2583220D1C7D3000A28B2 /* main.m */; };
		53C2584120D1C7FC000A28B2 /* Cocoa.framework in Frameworks */ = {isa = PBXBuildFile; fileRef = 53C2584020D1C7FC000A28B2 /* Cocoa.framework */; };
		53C2584520D1C7FC000A28B2 /* SafariExtensionHandler.m in Sources */ = {isa = PBXBuildFile; fileRef = 53C2584420D1C7FC000A28B2 /* SafariExtensionHandler.m */; };
		53C2584820D1C7FC000A28B2 /* SafariExtensionViewController.m in Sources */ = {isa = PBXBuildFile; fileRef = 53C2584720D1C7FC000A28B2 /* SafariExtensionViewController.m */; };
		53C2584B20D1C7FC000A28B2 /* SafariExtensionViewController.xib in Resources */ = {isa = PBXBuildFile; fileRef = 53C2584920D1C7FC000A28B2 /* SafariExtensionViewController.xib */; };
		53C2585020D1C7FC000A28B2 /* ToolbarItemIcon.pdf in Resources */ = {isa = PBXBuildFile; fileRef = 53C2584F20D1C7FC000A28B2 /* ToolbarItemIcon.pdf */; };
		53C2585420D1C7FC000A28B2 /* Remove Google Redirection.appex in Embed App Extensions */ = {isa = PBXBuildFile; fileRef = 53C2583E20D1C7FC000A28B2 /* Remove Google Redirection.appex */; settings = {ATTRIBUTES = (RemoveHeadersOnCopy, ); }; };
		53C2585A20D1C868000A28B2 /* remove-google-redirection.user.js in Resources */ = {isa = PBXBuildFile; fileRef = 53C2585920D1C867000A28B2 /* remove-google-redirection.user.js */; };
/* End PBXBuildFile section */

/* Begin PBXContainerItemProxy section */
		53C2585220D1C7FC000A28B2 /* PBXContainerItemProxy */ = {
			isa = PBXContainerItemProxy;
			containerPortal = 53C2581B20D1C7D1000A28B2 /* Project object */;
			proxyType = 1;
			remoteGlobalIDString = 53C2583D20D1C7FC000A28B2;
			remoteInfo = "Remove Google Redirection";
		};
/* End PBXContainerItemProxy section */

/* Begin PBXCopyFilesBuildPhase section */
		53C2585820D1C7FC000A28B2 /* Embed App Extensions */ = {
			isa = PBXCopyFilesBuildPhase;
			buildActionMask = 2147483647;
			dstPath = "";
			dstSubfolderSpec = 13;
			files = (
				53C2585420D1C7FC000A28B2 /* Remove Google Redirection.appex in Embed App Extensions */,
			);
			name = "Embed App Extensions";
			runOnlyForDeploymentPostprocessing = 0;
		};
/* End PBXCopyFilesBuildPhase section */

/* Begin PBXFileReference section */
		53C2582320D1C7D1000A28B2 /* RemoveGoogleRedirection.app */ = {isa = PBXFileReference; explicitFileType = wrapper.application; includeInIndex = 0; path = RemoveGoogleRedirection.app; sourceTree = BUILT_PRODUCTS_DIR; };
		53C2582620D1C7D1000A28B2 /* AppDelegate.h */ = {isa = PBXFileReference; lastKnownFileType = sourcecode.c.h; path = AppDelegate.h; sourceTree = "<group>"; };
		53C2582720D1C7D1000A28B2 /* AppDelegate.m */ = {isa = PBXFileReference; lastKnownFileType = sourcecode.c.objc; path = AppDelegate.m; sourceTree = "<group>"; };
		53C2582920D1C7D1000A28B2 /* ViewController.h */ = {isa = PBXFileReference; lastKnownFileType = sourcecode.c.h; path = ViewController.h; sourceTree = "<group>"; };
		53C2582A20D1C7D1000A28B2 /* ViewController.m */ = {isa = PBXFileReference; lastKnownFileType = sourcecode.c.objc; path = ViewController.m; sourceTree = "<group>"; };
		53C2582C20D1C7D3000A28B2 /* Assets.xcassets */ = {isa = PBXFileReference; lastKnownFileType = folder.assetcatalog; path = Assets.xcassets; sourceTree = "<group>"; };
		53C2582F20D1C7D3000A28B2 /* Base */ = {isa = PBXFileReference; lastKnownFileType = file.storyboard; name = Base; path = Base.lproj/Main.storyboard; sourceTree = "<group>"; };
		53C2583120D1C7D3000A28B2 /* Info.plist */ = {isa = PBXFileReference; lastKnownFileType = text.plist.xml; path = Info.plist; sourceTree = "<group>"; };
		53C2583220D1C7D3000A28B2 /* main.m */ = {isa = PBXFileReference; lastKnownFileType = sourcecode.c.objc; path = main.m; sourceTree = "<group>"; };
		53C2583420D1C7D3000A28B2 /* RemoveGoogleRedirection.entitlements */ = {isa = PBXFileReference; lastKnownFileType = text.plist.entitlements; path = RemoveGoogleRedirection.entitlements; sourceTree = "<group>"; };
		53C2583E20D1C7FC000A28B2 /* Remove Google Redirection.appex */ = {isa = PBXFileReference; explicitFileType = "wrapper.app-extension"; includeInIndex = 0; path = "Remove Google Redirection.appex"; sourceTree = BUILT_PRODUCTS_DIR; };
		53C2584020D1C7FC000A28B2 /* Cocoa.framework */ = {isa = PBXFileReference; lastKnownFileType = wrapper.framework; name = Cocoa.framework; path = System/Library/Frameworks/Cocoa.framework; sourceTree = SDKROOT; };
		53C2584320D1C7FC000A28B2 /* SafariExtensionHandler.h */ = {isa = PBXFileReference; lastKnownFileType = sourcecode.c.h; path = SafariExtensionHandler.h; sourceTree = "<group>"; };
		53C2584420D1C7FC000A28B2 /* SafariExtensionHandler.m */ = {isa = PBXFileReference; lastKnownFileType = sourcecode.c.objc; path = SafariExtensionHandler.m; sourceTree = "<group>"; };
		53C2584620D1C7FC000A28B2 /* SafariExtensionViewController.h */ = {isa = PBXFileReference; lastKnownFileType = sourcecode.c.h; path = SafariExtensionViewController.h; sourceTree = "<group>"; };
		53C2584720D1C7FC000A28B2 /* SafariExtensionViewController.m */ = {isa = PBXFileReference; lastKnownFileType = sourcecode.c.objc; path = SafariExtensionViewController.m; sourceTree = "<group>"; };
		53C2584A20D1C7FC000A28B2 /* Base */ = {isa = PBXFileReference; lastKnownFileType = file.xib; name = Base; path = Base.lproj/SafariExtensionViewController.xib; sourceTree = "<group>"; };
		53C2584C20D1C7FC000A28B2 /* Info.plist */ = {isa = PBXFileReference; lastKnownFileType = text.plist.xml; path = Info.plist; sourceTree = "<group>"; };
		53C2584F20D1C7FC000A28B2 /* ToolbarItemIcon.pdf */ = {isa = PBXFileReference; lastKnownFileType = image.pdf; path = ToolbarItemIcon.pdf; sourceTree = "<group>"; };
		53C2585120D1C7FC000A28B2 /* Remove_Google_Redirection.entitlements */ = {isa = PBXFileReference; lastKnownFileType = text.plist.entitlements; path = Remove_Google_Redirection.entitlements; sourceTree = "<group>"; };
		53C2585920D1C867000A28B2 /* remove-google-redirection.user.js */ = {isa = PBXFileReference; fileEncoding = 4; lastKnownFileType = sourcecode.javascript; path = "remove-google-redirection.user.js"; sourceTree = "<group>"; };
/* End PBXFileReference section */

/* Begin PBXFrameworksBuildPhase section */
		53C2582020D1C7D1000A28B2 /* Frameworks */ = {
			isa = PBXFrameworksBuildPhase;
			buildActionMask = 2147483647;
			files = (
			);
			runOnlyForDeploymentPostprocessing = 0;
		};
		53C2583B20D1C7FC000A28B2 /* Frameworks */ = {
			isa = PBXFrameworksBuildPhase;
			buildActionMask = 2147483647;
			files = (
				53C2584120D1C7FC000A28B2 /* Cocoa.framework in Frameworks */,
			);
			runOnlyForDeploymentPostprocessing = 0;
		};
/* End PBXFrameworksBuildPhase section */

/* Begin PBXGroup section */
		53C2581A20D1C7D1000A28B2 = {
			isa = PBXGroup;
			children = (
				53C2582520D1C7D1000A28B2 /* RemoveGoogleRedirection */,
				53C2584220D1C7FC000A28B2 /* Remove Google Redirection */,
				53C2583F20D1C7FC000A28B2 /* Frameworks */,
				53C2582420D1C7D1000A28B2 /* Products */,
			);
			sourceTree = "<group>";
		};
		53C2582420D1C7D1000A28B2 /* Products */ = {
			isa = PBXGroup;
			children = (
				53C2582320D1C7D1000A28B2 /* RemoveGoogleRedirection.app */,
				53C2583E20D1C7FC000A28B2 /* Remove Google Redirection.appex */,
			);
			name = Products;
			sourceTree = "<group>";
		};
		53C2582520D1C7D1000A28B2 /* RemoveGoogleRedirection */ = {
			isa = PBXGroup;
			children = (
				53C2582620D1C7D1000A28B2 /* AppDelegate.h */,
				53C2582720D1C7D1000A28B2 /* AppDelegate.m */,
				53C2582920D1C7D1000A28B2 /* ViewController.h */,
				53C2582A20D1C7D1000A28B2 /* ViewController.m */,
				53C2582C20D1C7D3000A28B2 /* Assets.xcassets */,
				53C2582E20D1C7D3000A28B2 /* Main.storyboard */,
				53C2583120D1C7D3000A28B2 /* Info.plist */,
				53C2583220D1C7D3000A28B2 /* main.m */,
				53C2583420D1C7D3000A28B2 /* RemoveGoogleRedirection.entitlements */,
			);
			path = RemoveGoogleRedirection;
			sourceTree = "<group>";
		};
		53C2583F20D1C7FC000A28B2 /* Frameworks */ = {
			isa = PBXGroup;
			children = (
				53C2584020D1C7FC000A28B2 /* Cocoa.framework */,
			);
			name = Frameworks;
			sourceTree = "<group>";
		};
		53C2584220D1C7FC000A28B2 /* Remove Google Redirection */ = {
			isa = PBXGroup;
			children = (
				53C2585920D1C867000A28B2 /* remove-google-redirection.user.js */,
				53C2584320D1C7FC000A28B2 /* SafariExtensionHandler.h */,
				53C2584420D1C7FC000A28B2 /* SafariExtensionHandler.m */,
				53C2584620D1C7FC000A28B2 /* SafariExtensionViewController.h */,
				53C2584720D1C7FC000A28B2 /* SafariExtensionViewController.m */,
				53C2584920D1C7FC000A28B2 /* SafariExtensionViewController.xib */,
				53C2584C20D1C7FC000A28B2 /* Info.plist */,
				53C2584F20D1C7FC000A28B2 /* ToolbarItemIcon.pdf */,
				53C2585120D1C7FC000A28B2 /* Remove_Google_Redirection.entitlements */,
			);
			path = "Remove Google Redirection";
			sourceTree = "<group>";
		};
/* End PBXGroup section */

/* Begin PBXNativeTarget section */
		53C2582220D1C7D1000A28B2 /* RemoveGoogleRedirection */ = {
			isa = PBXNativeTarget;
			buildConfigurationList = 53C2583720D1C7D3000A28B2 /* Build configuration list for PBXNativeTarget "RemoveGoogleRedirection" */;
			buildPhases = (
				53C2581F20D1C7D1000A28B2 /* Sources */,
				53C2582020D1C7D1000A28B2 /* Frameworks */,
				53C2582120D1C7D1000A28B2 /* Resources */,
				53C2585820D1C7FC000A28B2 /* Embed App Extensions */,
			);
			buildRules = (
			);
			dependencies = (
				53C2585320D1C7FC000A28B2 /* PBXTargetDependency */,
			);
			name = RemoveGoogleRedirection;
			productName = RemoveGoogleRedirection;
			productReference = 53C2582320D1C7D1000A28B2 /* RemoveGoogleRedirection.app */;
			productType = "com.apple.product-type.application";
		};
		53C2583D20D1C7FC000A28B2 /* Remove Google Redirection */ = {
			isa = PBXNativeTarget;
			buildConfigurationList = 53C2585520D1C7FC000A28B2 /* Build configuration list for PBXNativeTarget "Remove Google Redirection" */;
			buildPhases = (
				53C2583A20D1C7FC000A28B2 /* Sources */,
				53C2583B20D1C7FC000A28B2 /* Frameworks */,
				53C2583C20D1C7FC000A28B2 /* Resources */,
			);
			buildRules = (
			);
			dependencies = (
			);
			name = "Remove Google Redirection";
			productName = "Remove Google Redirection";
			productReference = 53C2583E20D1C7FC000A28B2 /* Remove Google Redirection.appex */;
			productType = "com.apple.product-type.app-extension";
		};
/* End PBXNativeTarget section */

/* Begin PBXProject section */
		53C2581B20D1C7D1000A28B2 /* Project object */ = {
			isa = PBXProject;
			attributes = {
				LastUpgradeCheck = 0940;
				ORGANIZATIONNAME = "Yiming Liu";
				TargetAttributes = {
					53C2582220D1C7D1000A28B2 = {
						CreatedOnToolsVersion = 9.4;
						SystemCapabilities = {
							com.apple.ApplicationGroups.Mac = {
								enabled = 1;
							};
						};
					};
					53C2583D20D1C7FC000A28B2 = {
						CreatedOnToolsVersion = 9.4;
						SystemCapabilities = {
							com.apple.ApplicationGroups.Mac = {
								enabled = 1;
							};
						};
					};
				};
			};
			buildConfigurationList = 53C2581E20D1C7D1000A28B2 /* Build configuration list for PBXProject "RemoveGoogleRedirection" */;
			compatibilityVersion = "Xcode 9.3";
			developmentRegion = en;
			hasScannedForEncodings = 0;
			knownRegions = (
				en,
				Base,
			);
			mainGroup = 53C2581A20D1C7D1000A28B2;
			productRefGroup = 53C2582420D1C7D1000A28B2 /* Products */;
			projectDirPath = "";
			projectRoot = "";
			targets = (
				53C2582220D1C7D1000A28B2 /* RemoveGoogleRedirection */,
				53C2583D20D1C7FC000A28B2 /* Remove Google Redirection */,
			);
		};
/* End PBXProject section */

/* Begin PBXResourcesBuildPhase section */
		53C2582120D1C7D1000A28B2 /* Resources */ = {
			isa = PBXResourcesBuildPhase;
			buildActionMask = 2147483647;
			files = (
				53C2582D20D1C7D3000A28B2 /* Assets.xcassets in Resources */,
				53C2583020D1C7D3000A28B2 /* Main.storyboard in Resources */,
			);
			runOnlyForDeploymentPostprocessing = 0;
		};
		53C2583C20D1C7FC000A28B2 /* Resources */ = {
			isa = PBXResourcesBuildPhase;
			buildActionMask = 2147483647;
			files = (
				53C2585020D1C7FC000A28B2 /* ToolbarItemIcon.pdf in Resources */,
				53C2584B20D1C7FC000A28B2 /* SafariExtensionViewController.xib in Resources */,
				53C2585A20D1C868000A28B2 /* remove-google-redirection.user.js in Resources */,
			);
			runOnlyForDeploymentPostprocessing = 0;
		};
/* End PBXResourcesBuildPhase section */

/* Begin PBXSourcesBuildPhase section */
		53C2581F20D1C7D1000A28B2 /* Sources */ = {
			isa = PBXSourcesBuildPhase;
			buildActionMask = 2147483647;
			files = (
				53C2582B20D1C7D1000A28B2 /* ViewController.m in Sources */,
				53C2583320D1C7D3000A28B2 /* main.m in Sources */,
				53C2582820D1C7D1000A28B2 /* AppDelegate.m in Sources */,
			);
			runOnlyForDeploymentPostprocessing = 0;
		};
		53C2583A20D1C7FC000A28B2 /* Sources */ = {
			isa = PBXSourcesBuildPhase;
			buildActionMask = 2147483647;
			files = (
				53C2584820D1C7FC000A28B2 /* SafariExtensionViewController.m in Sources */,
				53C2584520D1C7FC000A28B2 /* SafariExtensionHandler.m in Sources */,
			);
			runOnlyForDeploymentPostprocessing = 0;
		};
/* End PBXSourcesBuildPhase section */

/* Begin PBXTargetDependency section */
		53C2585320D1C7FC000A28B2 /* PBXTargetDependency */ = {
			isa = PBXTargetDependency;
			target = 53C2583D20D1C7FC000A28B2 /* Remove Google Redirection */;
			targetProxy = 53C2585220D1C7FC000A28B2 /* PBXContainerItemProxy */;
		};
/* End PBXTargetDependency section */

/* Begin PBXVariantGroup section */
		53C2582E20D1C7D3000A28B2 /* Main.storyboard */ = {
			isa = PBXVariantGroup;
			children = (
				53C2582F20D1C7D3000A28B2 /* Base */,
			);
			name = Main.storyboard;
			sourceTree = "<group>";
		};
		53C2584920D1C7FC000A28B2 /* SafariExtensionViewController.xib */ = {
			isa = PBXVariantGroup;
			children = (
				53C2584A20D1C7FC000A28B2 /* Base */,
			);
			name = SafariExtensionViewController.xib;
			sourceTree = "<group>";
		};
/* End PBXVariantGroup section */

/* Begin XCBuildConfiguration section */
		53C2583520D1C7D3000A28B2 /* Debug */ = {
			isa = XCBuildConfiguration;
			buildSettings = {
				ALWAYS_SEARCH_USER_PATHS = NO;
				CLANG_ANALYZER_NONNULL = YES;
				CLANG_ANALYZER_NUMBER_OBJECT_CONVERSION = YES_AGGRESSIVE;
				CLANG_CXX_LANGUAGE_STANDARD = "gnu++14";
				CLANG_CXX_LIBRARY = "libc++";
				CLANG_ENABLE_MODULES = YES;
				CLANG_ENABLE_OBJC_ARC = YES;
				CLANG_ENABLE_OBJC_WEAK = YES;
				CLANG_WARN_BLOCK_CAPTURE_AUTORELEASING = YES;
				CLANG_WARN_BOOL_CONVERSION = YES;
				CLANG_WARN_COMMA = YES;
				CLANG_WARN_CONSTANT_CONVERSION = YES;
				CLANG_WARN_DEPRECATED_OBJC_IMPLEMENTATIONS = YES;
				CLANG_WARN_DIRECT_OBJC_ISA_USAGE = YES_ERROR;
				CLANG_WARN_DOCUMENTATION_COMMENTS = YES;
				CLANG_WARN_EMPTY_BODY = YES;
				CLANG_WARN_ENUM_CONVERSION = YES;
				CLANG_WARN_INFINITE_RECURSION = YES;
				CLANG_WARN_INT_CONVERSION = YES;
				CLANG_WARN_NON_LITERAL_NULL_CONVERSION = YES;
				CLANG_WARN_OBJC_IMPLICIT_RETAIN_SELF = YES;
				CLANG_WARN_OBJC_LITERAL_CONVERSION = YES;
				CLANG_WARN_OBJC_ROOT_CLASS = YES_ERROR;
				CLANG_WARN_RANGE_LOOP_ANALYSIS = YES;
				CLANG_WARN_STRICT_PROTOTYPES = YES;
				CLANG_WARN_SUSPICIOUS_MOVE = YES;
				CLANG_WARN_UNGUARDED_AVAILABILITY = YES_AGGRESSIVE;
				CLANG_WARN_UNREACHABLE_CODE = YES;
				CLANG_WARN__DUPLICATE_METHOD_MATCH = YES;
				CODE_SIGN_IDENTITY = "Mac Developer";
				COPY_PHASE_STRIP = NO;
				DEBUG_INFORMATION_FORMAT = dwarf;
				ENABLE_HARDENED_RUNTIME = YES;
				ENABLE_STRICT_OBJC_MSGSEND = YES;
				ENABLE_TESTABILITY = YES;
				GCC_C_LANGUAGE_STANDARD = gnu11;
				GCC_DYNAMIC_NO_PIC = NO;
				GCC_NO_COMMON_BLOCKS = YES;
				GCC_OPTIMIZATION_LEVEL = 0;
				GCC_PREPROCESSOR_DEFINITIONS = (
					"DEBUG=1",
					"$(inherited)",
				);
				GCC_WARN_64_TO_32_BIT_CONVERSION = YES;
				GCC_WARN_ABOUT_RETURN_TYPE = YES_ERROR;
				GCC_WARN_UNDECLARED_SELECTOR = YES;
				GCC_WARN_UNINITIALIZED_AUTOS = YES_AGGRESSIVE;
				GCC_WARN_UNUSED_FUNCTION = YES;
				GCC_WARN_UNUSED_VARIABLE = YES;
				MACOSX_DEPLOYMENT_TARGET = 10.13;
				MTL_ENABLE_DEBUG_INFO = YES;
				ONLY_ACTIVE_ARCH = YES;
				SDKROOT = macosx;
			};
			name = Debug;
		};
		53C2583620D1C7D3000A28B2 /* Release */ = {
			isa = XCBuildConfiguration;
			buildSettings = {
				ALWAYS_SEARCH_USER_PATHS = NO;
				CLANG_ANALYZER_NONNULL = YES;
				CLANG_ANALYZER_NUMBER_OBJECT_CONVERSION = YES_AGGRESSIVE;
				CLANG_CXX_LANGUAGE_STANDARD = "gnu++14";
				CLANG_CXX_LIBRARY = "libc++";
				CLANG_ENABLE_MODULES = YES;
				CLANG_ENABLE_OBJC_ARC = YES;
				CLANG_ENABLE_OBJC_WEAK = YES;
				CLANG_WARN_BLOCK_CAPTURE_AUTORELEASING = YES;
				CLANG_WARN_BOOL_CONVERSION = YES;
				CLANG_WARN_COMMA = YES;
				CLANG_WARN_CONSTANT_CONVERSION = YES;
				CLANG_WARN_DEPRECATED_OBJC_IMPLEMENTATIONS = YES;
				CLANG_WARN_DIRECT_OBJC_ISA_USAGE = YES_ERROR;
				CLANG_WARN_DOCUMENTATION_COMMENTS = YES;
				CLANG_WARN_EMPTY_BODY = YES;
				CLANG_WARN_ENUM_CONVERSION = YES;
				CLANG_WARN_INFINITE_RECURSION = YES;
				CLANG_WARN_INT_CONVERSION = YES;
				CLANG_WARN_NON_LITERAL_NULL_CONVERSION = YES;
				CLANG_WARN_OBJC_IMPLICIT_RETAIN_SELF = YES;
				CLANG_WARN_OBJC_LITERAL_CONVERSION = YES;
				CLANG_WARN_OBJC_ROOT_CLASS = YES_ERROR;
				CLANG_WARN_RANGE_LOOP_ANALYSIS = YES;
				CLANG_WARN_STRICT_PROTOTYPES = YES;
				CLANG_WARN_SUSPICIOUS_MOVE = YES;
				CLANG_WARN_UNGUARDED_AVAILABILITY = YES_AGGRESSIVE;
				CLANG_WARN_UNREACHABLE_CODE = YES;
				CLANG_WARN__DUPLICATE_METHOD_MATCH = YES;
				CODE_SIGN_IDENTITY = "Mac Developer";
				COPY_PHASE_STRIP = NO;
				DEBUG_INFORMATION_FORMAT = "dwarf-with-dsym";
				ENABLE_HARDENED_RUNTIME = YES;
				ENABLE_NS_ASSERTIONS = NO;
				ENABLE_STRICT_OBJC_MSGSEND = YES;
				GCC_C_LANGUAGE_STANDARD = gnu11;
				GCC_NO_COMMON_BLOCKS = YES;
				GCC_WARN_64_TO_32_BIT_CONVERSION = YES;
				GCC_WARN_ABOUT_RETURN_TYPE = YES_ERROR;
				GCC_WARN_UNDECLARED_SELECTOR = YES;
				GCC_WARN_UNINITIALIZED_AUTOS = YES_AGGRESSIVE;
				GCC_WARN_UNUSED_FUNCTION = YES;
				GCC_WARN_UNUSED_VARIABLE = YES;
				MACOSX_DEPLOYMENT_TARGET = 10.13;
				MTL_ENABLE_DEBUG_INFO = NO;
				SDKROOT = macosx;
			};
			name = Release;
		};
		53C2583820D1C7D3000A28B2 /* Debug */ = {
			isa = XCBuildConfiguration;
			buildSettings = {
				ASSETCATALOG_COMPILER_APPICON_NAME = AppIcon;
				CODE_SIGN_ENTITLEMENTS = RemoveGoogleRedirection/RemoveGoogleRedirection.entitlements;
				CODE_SIGN_STYLE = Automatic;
				COMBINE_HIDPI_IMAGES = YES;
				DEVELOPMENT_TEAM = XLREUF5H62;
				INFOPLIST_FILE = RemoveGoogleRedirection/Info.plist;
				LD_RUNPATH_SEARCH_PATHS = (
					"$(inherited)",
					"@executable_path/../Frameworks",
				);
				PRODUCT_BUNDLE_IDENTIFIER = com.yimingliu.RemoveGoogleRedirection;
				PRODUCT_NAME = "$(TARGET_NAME)";
			};
			name = Debug;
		};
		53C2583920D1C7D3000A28B2 /* Release */ = {
			isa = XCBuildConfiguration;
			buildSettings = {
				ASSETCATALOG_COMPILER_APPICON_NAME = AppIcon;
				CODE_SIGN_ENTITLEMENTS = RemoveGoogleRedirection/RemoveGoogleRedirection.entitlements;
				CODE_SIGN_STYLE = Automatic;
				COMBINE_HIDPI_IMAGES = YES;
				DEVELOPMENT_TEAM = XLREUF5H62;
				INFOPLIST_FILE = RemoveGoogleRedirection/Info.plist;
				LD_RUNPATH_SEARCH_PATHS = (
					"$(inherited)",
					"@executable_path/../Frameworks",
				);
				PRODUCT_BUNDLE_IDENTIFIER = com.yimingliu.RemoveGoogleRedirection;
				PRODUCT_NAME = "$(TARGET_NAME)";
			};
			name = Release;
		};
		53C2585620D1C7FC000A28B2 /* Debug */ = {
			isa = XCBuildConfiguration;
			buildSettings = {
				CODE_SIGN_ENTITLEMENTS = "Remove Google Redirection/Remove_Google_Redirection.entitlements";
				CODE_SIGN_STYLE = Automatic;
				DEVELOPMENT_TEAM = XLREUF5H62;
				INFOPLIST_FILE = "Remove Google Redirection/Info.plist";
				LD_RUNPATH_SEARCH_PATHS = (
					"$(inherited)",
					"@executable_path/../Frameworks",
					"@executable_path/../../../../Frameworks",
				);
				PRODUCT_BUNDLE_IDENTIFIER = "com.yimingliu.RemoveGoogleRedirection.Remove-Google-Redirection";
				PRODUCT_NAME = "$(TARGET_NAME)";
				SKIP_INSTALL = YES;
			};
			name = Debug;
		};
		53C2585720D1C7FC000A28B2 /* Release */ = {
			isa = XCBuildConfiguration;
			buildSettings = {
				CODE_SIGN_ENTITLEMENTS = "Remove Google Redirection/Remove_Google_Redirection.entitlements";
				CODE_SIGN_STYLE = Automatic;
				DEVELOPMENT_TEAM = XLREUF5H62;
				INFOPLIST_FILE = "Remove Google Redirection/Info.plist";
				LD_RUNPATH_SEARCH_PATHS = (
					"$(inherited)",
					"@executable_path/../Frameworks",
					"@executable_path/../../../../Frameworks",
				);
				PRODUCT_BUNDLE_IDENTIFIER = "com.yimingliu.RemoveGoogleRedirection.Remove-Google-Redirection";
				PRODUCT_NAME = "$(TARGET_NAME)";
				SKIP_INSTALL = YES;
			};
			name = Release;
		};
/* End XCBuildConfiguration section */

/* Begin XCConfigurationList section */
		53C2581E20D1C7D1000A28B2 /* Build configuration list for PBXProject "RemoveGoogleRedirection" */ = {
			isa = XCConfigurationList;
			buildConfigurations = (
				53C2583520D1C7D3000A28B2 /* Debug */,
				53C2583620D1C7D3000A28B2 /* Release */,
			);
			defaultConfigurationIsVisible = 0;
			defaultConfigurationName = Release;
		};
		53C2583720D1C7D3000A28B2 /* Build configuration list for PBXNativeTarget "RemoveGoogleRedirection" */ = {
			isa = XCConfigurationList;
			buildConfigurations = (
				53C2583820D1C7D3000A28B2 /* Debug */,
				53C2583920D1C7D3000A28B2 /* Release */,
			);
			defaultConfigurationIsVisible = 0;
			defaultConfigurationName = Release;
		};
		53C2585520D1C7FC000A28B2 /* Build configuration list for PBXNativeTarget "Remove Google Redirection" */ = {
			isa = XCConfigurationList;
			buildConfigurations = (
				53C2585620D1C7FC000A28B2 /* Debug */,
				53C2585720D1C7FC000A28B2 /* Release */,
			);
			defaultConfigurationIsVisible = 0;
			defaultConfigurationName = Release;
		};
/* End XCConfigurationList section */
	};
	rootObject = 53C2581B20D1C7D1000A28B2 /* Project object */;
}
